
Microsoft Visual Studio Solution File, Format Version 12.00
# Visual Studio Version 16
VisualStudioVersion = 16.0.29519.181
MinimumVisualStudioVersion = 10.0.40219.1
Project("{FAE04EC0-301F-11D3-BF4B-00C04F79EFBC}") = "RazorPagesSample", "RazorPagesSample\RazorPagesSample.csproj", "{ACE06DE4-F291-44FC-B026-4361215ECD67}"
EndProject
Global
	GlobalSection(SolutionConfigurationPlatforms) = preSolution
		Debug|Any CPU = Debug|Any CPU
		Release|Any CPU = Release|Any CPU
	EndGlobalSection
	GlobalSection(ProjectConfigurationPlatforms) = postSolution
		{ACE06DE4-F291-44FC-B026-4361215ECD67}.Debug|Any CPU.ActiveCfg = Debug|Any CPU
		{ACE06DE4-F291-44FC-B026-4361215ECD67}.Debug|Any CPU.Build.0 = Debug|Any CPU
		{ACE06DE4-F291-44FC-B026-4361215ECD67}.Release|Any CPU.ActiveCfg = Release|Any CPU
		{ACE06DE4-F291-44FC-B026-4361215ECD67}.Release|Any CPU.Build.0 = Release|Any CPU
	EndGlobalSection
	GlobalSection(SolutionProperties) = preSolution
		HideSolutionNode = FALSE
	EndGlobalSection
	GlobalSection(ExtensibilityGlobals) = postSolution
		SolutionGuid = {0477225C-9451-43E3-996C-B4013BD80E1A}
	EndGlobalSection
EndGlobal
